// !$*UTF8*$!
{
	archiveVersion = 1;
	classes = {
	};
	objectVersion = 46;
	objects = {

/* Begin PBXBuildFile section */
		0207DA581B56EA530066E2B4 /* Images.xcassets in Resources */ = {isa = PBXBuildFile; fileRef = 0207DA571B56EA530066E2B4 /* Images.xcassets */; };
		1D60589B0D05DD56006BFB54 /* main.m in Sources */ = {isa = PBXBuildFile; fileRef = 29B97316FDCFA39411CA2CEA /* main.m */; };
		301BF552109A68D80062928A /* libCordova.a in Frameworks */ = {isa = PBXBuildFile; fileRef = 301BF535109A57CC0062928A /* libCordova.a */; };
		3047A5121AB8059700498E2A /* build-debug.xcconfig in Resources */ = {isa = PBXBuildFile; fileRef = 3047A50F1AB8059700498E2A /* build-debug.xcconfig */; };
		3047A5131AB8059700498E2A /* build-release.xcconfig in Resources */ = {isa = PBXBuildFile; fileRef = 3047A5101AB8059700498E2A /* build-release.xcconfig */; };
		3047A5141AB8059700498E2A /* build.xcconfig in Resources */ = {isa = PBXBuildFile; fileRef = 3047A5111AB8059700498E2A /* build.xcconfig */; };
		4D1FEC549DCC47E8A25FAF32 /* CDVCapture.bundle in Resources */ = {isa = PBXBuildFile; fileRef = 7A4F5933F733447D8D2D4230 /* CDVCapture.bundle */; };
		6CF46B48A6E8468AAB0FB39C /* SystemConfiguration.framework in Frameworks */ = {isa = PBXBuildFile; fileRef = CD04345ECBED42F89AC1FA60 /* SystemConfiguration.framework */; settings = {ATTRIBUTES = (Weak, ); }; };
		7632FF2E1CFDBDF000C534B4 /* EdgeCamera.m in Sources */ = {isa = PBXBuildFile; fileRef = 7632FF2D1CFDBDF000C534B4 /* EdgeCamera.m */; };
		7632FF311CFDBE6600C534B4 /* IPDFCameraViewController.m in Sources */ = {isa = PBXBuildFile; fileRef = 7632FF301CFDBE6600C534B4 /* IPDFCameraViewController.m */; };
		7632FF351CFDBEDC00C534B4 /* ViewController.m in Sources */ = {isa = PBXBuildFile; fileRef = 7632FF341CFDBEDC00C534B4 /* ViewController.m */; };
		7632FF391CFDC4C600C534B4 /* QuartzCore.framework in Frameworks */ = {isa = PBXBuildFile; fileRef = 7632FF381CFDC4C600C534B4 /* QuartzCore.framework */; };
		7632FF3B1CFDC51C00C534B4 /* CoreVideo.framework in Frameworks */ = {isa = PBXBuildFile; fileRef = 7632FF3A1CFDC51C00C534B4 /* CoreVideo.framework */; };
		7632FF3D1CFDC52900C534B4 /* CoreImage.framework in Frameworks */ = {isa = PBXBuildFile; fileRef = 7632FF3C1CFDC52900C534B4 /* CoreImage.framework */; };
		7632FF3F1CFDC53600C534B4 /* CoreMedia.framework in Frameworks */ = {isa = PBXBuildFile; fileRef = 7632FF3E1CFDC53600C534B4 /* CoreMedia.framework */; };
		7632FF411CFDC54400C534B4 /* GLKit.framework in Frameworks */ = {isa = PBXBuildFile; fileRef = 7632FF401CFDC54400C534B4 /* GLKit.framework */; };
		7632FF431CFDC55000C534B4 /* MobileCoreServices.framework in Frameworks */ = {isa = PBXBuildFile; fileRef = 7632FF421CFDC55000C534B4 /* MobileCoreServices.framework */; };
		76EA1BA71CFDDC2D002C80E5 /* ViewController.xib in Resources */ = {isa = PBXBuildFile; fileRef = 76EA1BA61CFDDC2D002C80E5 /* ViewController.xib */; };
		76EA1BAD1CFDDDFA002C80E5 /* MainViewController.xib in Resources */ = {isa = PBXBuildFile; fileRef = 76EA1BA81CFDDDFA002C80E5 /* MainViewController.xib */; };
		76EA1BAE1CFDDDFA002C80E5 /* AppDelegate.m in Sources */ = {isa = PBXBuildFile; fileRef = 76EA1BAA1CFDDDFA002C80E5 /* AppDelegate.m */; };
		76EA1BAF1CFDDDFA002C80E5 /* MainViewController.m in Sources */ = {isa = PBXBuildFile; fileRef = 76EA1BAC1CFDDDFA002C80E5 /* MainViewController.m */; };
		76EA1BB11CFDDEAB002C80E5 /* AssetsLibrary.framework in Frameworks */ = {isa = PBXBuildFile; fileRef = 76EA1BB01CFDDEAB002C80E5 /* AssetsLibrary.framework */; };
		76EA1BB31CFDDEB8002C80E5 /* CoreGraphics.framework in Frameworks */ = {isa = PBXBuildFile; fileRef = 76EA1BB21CFDDEB8002C80E5 /* CoreGraphics.framework */; };
		76EA1BB41CFDDEC2002C80E5 /* CoreLocation.framework in Frameworks */ = {isa = PBXBuildFile; fileRef = ED363D6E2DF94B4D88A8906F /* CoreLocation.framework */; };
		7AC0CAF106B0462D8FA2C136 /* ImageIO.framework in Frameworks */ = {isa = PBXBuildFile; fileRef = ECAFF63A4E5D4226A8F5D4B4 /* ImageIO.framework */; settings = {ATTRIBUTES = (Weak, ); }; };
		B4A70BD344EC49748E81868A /* AVFoundation.framework in Frameworks */ = {isa = PBXBuildFile; fileRef = 0DC7618E9F2A4F7AABFDE355 /* AVFoundation.framework */; };
		E02D5EE1B52E455DA0DC821E /* CDVNotification.bundle in Resources */ = {isa = PBXBuildFile; fileRef = 421FED275EA14D8B8793D6EE /* CDVNotification.bundle */; };
/* End PBXBuildFile section */

/* Begin PBXContainerItemProxy section */
		301BF534109A57CC0062928A /* PBXContainerItemProxy */ = {
			isa = PBXContainerItemProxy;
			containerPortal = 301BF52D109A57CC0062928A /* CordovaLib.xcodeproj */;
			proxyType = 2;
			remoteGlobalIDString = D2AAC07E0554694100DB518D;
			remoteInfo = CordovaLib;
		};
		301BF550109A68C00062928A /* PBXContainerItemProxy */ = {
			isa = PBXContainerItemProxy;
			containerPortal = 301BF52D109A57CC0062928A /* CordovaLib.xcodeproj */;
			proxyType = 1;
			remoteGlobalIDString = D2AAC07D0554694100DB518D;
			remoteInfo = CordovaLib;
		};
/* End PBXContainerItemProxy section */

/* Begin PBXFileReference section */
		0207DA571B56EA530066E2B4 /* Images.xcassets */ = {isa = PBXFileReference; lastKnownFileType = folder.assetcatalog; name = Images.xcassets; path = EdgeCamera/Images.xcassets; sourceTree = SOURCE_ROOT; };
		0DC7618E9F2A4F7AABFDE355 /* AVFoundation.framework */ = {isa = PBXFileReference; explicitFileType = undefined; fileEncoding = 9; includeInIndex = 0; lastKnownFileType = wrapper.framework; name = AVFoundation.framework; path = System/Library/Frameworks/AVFoundation.framework; sourceTree = SDKROOT; };
		1D4620F851FC413587F00347 /* AddressBookUI.framework */ = {isa = PBXFileReference; explicitFileType = undefined; fileEncoding = 9; includeInIndex = 0; lastKnownFileType = wrapper.framework; name = AddressBookUI.framework; path = System/Library/Frameworks/AddressBookUI.framework; sourceTree = SDKROOT; };
		1D6058910D05DD3D006BFB54 /* EdgeCamera.app */ = {isa = PBXFileReference; explicitFileType = wrapper.application; includeInIndex = 0; path = EdgeCamera.app; sourceTree = BUILT_PRODUCTS_DIR; };
		29B97316FDCFA39411CA2CEA /* main.m */ = {isa = PBXFileReference; fileEncoding = 4; lastKnownFileType = sourcecode.c.objc; path = main.m; sourceTree = "<group>"; };
		301BF52D109A57CC0062928A /* CordovaLib.xcodeproj */ = {isa = PBXFileReference; lastKnownFileType = "wrapper.pb-project"; name = CordovaLib.xcodeproj; path = CordovaLib/CordovaLib.xcodeproj; sourceTree = "<group>"; };
		301BF56E109A69640062928A /* www */ = {isa = PBXFileReference; lastKnownFileType = folder; path = www; sourceTree = SOURCE_ROOT; };
		3047A50F1AB8059700498E2A /* build-debug.xcconfig */ = {isa = PBXFileReference; fileEncoding = 4; lastKnownFileType = text.xcconfig; name = "build-debug.xcconfig"; path = "cordova/build-debug.xcconfig"; sourceTree = SOURCE_ROOT; };
		3047A5101AB8059700498E2A /* build-release.xcconfig */ = {isa = PBXFileReference; fileEncoding = 4; lastKnownFileType = text.xcconfig; name = "build-release.xcconfig"; path = "cordova/build-release.xcconfig"; sourceTree = SOURCE_ROOT; };
		3047A5111AB8059700498E2A /* build.xcconfig */ = {isa = PBXFileReference; fileEncoding = 4; lastKnownFileType = text.xcconfig; name = build.xcconfig; path = cordova/build.xcconfig; sourceTree = SOURCE_ROOT; };
		32CA4F630368D1EE00C91783 /* EdgeCamera-Prefix.pch */ = {isa = PBXFileReference; fileEncoding = 4; lastKnownFileType = sourcecode.c.h; path = "EdgeCamera-Prefix.pch"; sourceTree = "<group>"; };
		421FED275EA14D8B8793D6EE /* CDVNotification.bundle */ = {isa = PBXFileReference; explicitFileType = undefined; fileEncoding = 9; includeInIndex = 0; lastKnownFileType = "wrapper.plug-in"; path = CDVNotification.bundle; sourceTree = "<group>"; };
		7632FF2C1CFDBDE100C534B4 /* EdgeCamera.h */ = {isa = PBXFileReference; fileEncoding = 4; lastKnownFileType = sourcecode.c.h; path = EdgeCamera.h; sourceTree = "<group>"; };
		7632FF2D1CFDBDF000C534B4 /* EdgeCamera.m */ = {isa = PBXFileReference; fileEncoding = 4; lastKnownFileType = sourcecode.c.objc; path = EdgeCamera.m; sourceTree = "<group>"; };
		7632FF2F1CFDBE6600C534B4 /* IPDFCameraViewController.h */ = {isa = PBXFileReference; fileEncoding = 4; lastKnownFileType = sourcecode.c.h; path = IPDFCameraViewController.h; sourceTree = "<group>"; };
		7632FF301CFDBE6600C534B4 /* IPDFCameraViewController.m */ = {isa = PBXFileReference; fileEncoding = 4; lastKnownFileType = sourcecode.c.objc; path = IPDFCameraViewController.m; sourceTree = "<group>"; };
		7632FF331CFDBEDC00C534B4 /* ViewController.h */ = {isa = PBXFileReference; fileEncoding = 4; lastKnownFileType = sourcecode.c.h; path = ViewController.h; sourceTree = "<group>"; };
		7632FF341CFDBEDC00C534B4 /* ViewController.m */ = {isa = PBXFileReference; fileEncoding = 4; lastKnownFileType = sourcecode.c.objc; path = ViewController.m; sourceTree = "<group>"; };
		7632FF381CFDC4C600C534B4 /* QuartzCore.framework */ = {isa = PBXFileReference; lastKnownFileType = wrapper.framework; name = QuartzCore.framework; path = System/Library/Frameworks/QuartzCore.framework; sourceTree = SDKROOT; };
		7632FF3A1CFDC51C00C534B4 /* CoreVideo.framework */ = {isa = PBXFileReference; lastKnownFileType = wrapper.framework; name = CoreVideo.framework; path = System/Library/Frameworks/CoreVideo.framework; sourceTree = SDKROOT; };
		7632FF3C1CFDC52900C534B4 /* CoreImage.framework */ = {isa = PBXFileReference; lastKnownFileType = wrapper.framework; name = CoreImage.framework; path = System/Library/Frameworks/CoreImage.framework; sourceTree = SDKROOT; };
		7632FF3E1CFDC53600C534B4 /* CoreMedia.framework */ = {isa = PBXFileReference; lastKnownFileType = wrapper.framework; name = CoreMedia.framework; path = System/Library/Frameworks/CoreMedia.framework; sourceTree = SDKROOT; };
		7632FF401CFDC54400C534B4 /* GLKit.framework */ = {isa = PBXFileReference; lastKnownFileType = wrapper.framework; name = GLKit.framework; path = System/Library/Frameworks/GLKit.framework; sourceTree = SDKROOT; };
		7632FF421CFDC55000C534B4 /* MobileCoreServices.framework */ = {isa = PBXFileReference; lastKnownFileType = wrapper.framework; name = MobileCoreServices.framework; path = System/Library/Frameworks/MobileCoreServices.framework; sourceTree = SDKROOT; };
		76EA1BA61CFDDC2D002C80E5 /* ViewController.xib */ = {isa = PBXFileReference; fileEncoding = 4; lastKnownFileType = file.xib; path = ViewController.xib; sourceTree = "<group>"; };
		76EA1BA81CFDDDFA002C80E5 /* MainViewController.xib */ = {isa = PBXFileReference; fileEncoding = 4; lastKnownFileType = file.xib; path = MainViewController.xib; sourceTree = "<group>"; };
		76EA1BA91CFDDDFA002C80E5 /* AppDelegate.h */ = {isa = PBXFileReference; fileEncoding = 4; lastKnownFileType = sourcecode.c.h; path = AppDelegate.h; sourceTree = "<group>"; };
		76EA1BAA1CFDDDFA002C80E5 /* AppDelegate.m */ = {isa = PBXFileReference; fileEncoding = 4; lastKnownFileType = sourcecode.c.objc; path = AppDelegate.m; sourceTree = "<group>"; };
		76EA1BAB1CFDDDFA002C80E5 /* MainViewController.h */ = {isa = PBXFileReference; fileEncoding = 4; lastKnownFileType = sourcecode.c.h; path = MainViewController.h; sourceTree = "<group>"; };
		76EA1BAC1CFDDDFA002C80E5 /* MainViewController.m */ = {isa = PBXFileReference; fileEncoding = 4; lastKnownFileType = sourcecode.c.objc; path = MainViewController.m; sourceTree = "<group>"; };
		76EA1BB01CFDDEAB002C80E5 /* AssetsLibrary.framework */ = {isa = PBXFileReference; lastKnownFileType = wrapper.framework; name = AssetsLibrary.framework; path = System/Library/Frameworks/AssetsLibrary.framework; sourceTree = SDKROOT; };
		76EA1BB21CFDDEB8002C80E5 /* CoreGraphics.framework */ = {isa = PBXFileReference; lastKnownFileType = wrapper.framework; name = CoreGraphics.framework; path = System/Library/Frameworks/CoreGraphics.framework; sourceTree = SDKROOT; };
		7A4F5933F733447D8D2D4230 /* CDVCapture.bundle */ = {isa = PBXFileReference; explicitFileType = undefined; fileEncoding = 9; includeInIndex = 0; lastKnownFileType = "wrapper.plug-in"; path = CDVCapture.bundle; sourceTree = "<group>"; };
		880FB0DB22874076A521BE0E /* AddressBook.framework */ = {isa = PBXFileReference; explicitFileType = undefined; fileEncoding = 9; includeInIndex = 0; lastKnownFileType = wrapper.framework; name = AddressBook.framework; path = System/Library/Frameworks/AddressBook.framework; sourceTree = SDKROOT; };
		8D1107310486CEB800E47090 /* EdgeCamera-Info.plist */ = {isa = PBXFileReference; fileEncoding = 4; lastKnownFileType = text.plist.xml; name = "EdgeCamera-Info.plist"; path = "EdgeCamera/EdgeCamera-Info.plist"; plistStructureDefinitionIdentifier = "com.apple.xcode.plist.structure-definition.iphone.info-plist"; sourceTree = SOURCE_ROOT; };
		BE48784B9506438DB4CCCCE5 /* CoreMotion.framework */ = {isa = PBXFileReference; explicitFileType = undefined; fileEncoding = 9; includeInIndex = 0; lastKnownFileType = wrapper.framework; name = CoreMotion.framework; path = System/Library/Frameworks/CoreMotion.framework; sourceTree = SDKROOT; };
		CD04345ECBED42F89AC1FA60 /* SystemConfiguration.framework */ = {isa = PBXFileReference; explicitFileType = undefined; fileEncoding = 9; includeInIndex = 0; lastKnownFileType = wrapper.framework; name = SystemConfiguration.framework; path = System/Library/Frameworks/SystemConfiguration.framework; sourceTree = SDKROOT; };
		DDE12A274FF34787854B42F7 /* CoreTelephony.framework */ = {isa = PBXFileReference; explicitFileType = undefined; fileEncoding = 9; includeInIndex = 0; lastKnownFileType = wrapper.framework; name = CoreTelephony.framework; path = System/Library/Frameworks/CoreTelephony.framework; sourceTree = SDKROOT; };
		EB87FDF31871DA8E0020F90C /* www */ = {isa = PBXFileReference; lastKnownFileType = folder; name = www; path = ../../www; sourceTree = "<group>"; };
		ECAFF63A4E5D4226A8F5D4B4 /* ImageIO.framework */ = {isa = PBXFileReference; explicitFileType = undefined; fileEncoding = 9; includeInIndex = 0; lastKnownFileType = wrapper.framework; name = ImageIO.framework; path = System/Library/Frameworks/ImageIO.framework; sourceTree = SDKROOT; };
		ED33DF2A687741AEAF9F8254 /* Bridging-Header.h */ = {isa = PBXFileReference; fileEncoding = 4; lastKnownFileType = sourcecode.c.h; path = "Bridging-Header.h"; sourceTree = "<group>"; };
		ED363D6E2DF94B4D88A8906F /* CoreLocation.framework */ = {isa = PBXFileReference; explicitFileType = undefined; fileEncoding = 9; includeInIndex = 0; lastKnownFileType = wrapper.framework; name = CoreLocation.framework; path = System/Library/Frameworks/CoreLocation.framework; sourceTree = SDKROOT; };
		F840E1F0165FE0F500CFE078 /* config.xml */ = {isa = PBXFileReference; lastKnownFileType = text.xml; name = config.xml; path = EdgeCamera/config.xml; sourceTree = "<group>"; };
		FB5447F68B424C5781D56F41 /* AudioToolbox.framework */ = {isa = PBXFileReference; explicitFileType = undefined; fileEncoding = 9; includeInIndex = 0; lastKnownFileType = wrapper.framework; name = AudioToolbox.framework; path = System/Library/Frameworks/AudioToolbox.framework; sourceTree = SDKROOT; };
/* End PBXFileReference section */

/* Begin PBXFrameworksBuildPhase section */
		1D60588F0D05DD3D006BFB54 /* Frameworks */ = {
			isa = PBXFrameworksBuildPhase;
			buildActionMask = 2147483647;
			files = (
				76EA1BB11CFDDEAB002C80E5 /* AssetsLibrary.framework in Frameworks */,
				301BF552109A68D80062928A /* libCordova.a in Frameworks */,
				76EA1BB31CFDDEB8002C80E5 /* CoreGraphics.framework in Frameworks */,
				7632FF431CFDC55000C534B4 /* MobileCoreServices.framework in Frameworks */,
				76EA1BB41CFDDEC2002C80E5 /* CoreLocation.framework in Frameworks */,
				7632FF411CFDC54400C534B4 /* GLKit.framework in Frameworks */,
				7632FF3F1CFDC53600C534B4 /* CoreMedia.framework in Frameworks */,
				7632FF3D1CFDC52900C534B4 /* CoreImage.framework in Frameworks */,
				7632FF3B1CFDC51C00C534B4 /* CoreVideo.framework in Frameworks */,
				7632FF391CFDC4C600C534B4 /* QuartzCore.framework in Frameworks */,
				7AC0CAF106B0462D8FA2C136 /* ImageIO.framework in Frameworks */,
				B4A70BD344EC49748E81868A /* AVFoundation.framework in Frameworks */,
				6CF46B48A6E8468AAB0FB39C /* SystemConfiguration.framework in Frameworks */,
			);
			runOnlyForDeploymentPostprocessing = 0;
		};
/* End PBXFrameworksBuildPhase section */

/* Begin PBXGroup section */
		080E96DDFE201D6D7F000001 /* Classes */ = {
			isa = PBXGroup;
			children = (
				76EA1BA81CFDDDFA002C80E5 /* MainViewController.xib */,
				76EA1BA91CFDDDFA002C80E5 /* AppDelegate.h */,
				76EA1BAA1CFDDDFA002C80E5 /* AppDelegate.m */,
				76EA1BAB1CFDDDFA002C80E5 /* MainViewController.h */,
				76EA1BAC1CFDDDFA002C80E5 /* MainViewController.m */,
				7632FF331CFDBEDC00C534B4 /* ViewController.h */,
				7632FF341CFDBEDC00C534B4 /* ViewController.m */,
				7632FF321CFDBE6B00C534B4 /* IPDFCameraViewController */,
				7632FF2C1CFDBDE100C534B4 /* EdgeCamera.h */,
				7632FF2D1CFDBDF000C534B4 /* EdgeCamera.m */,
				76EA1BA61CFDDC2D002C80E5 /* ViewController.xib */,
			);
			name = Classes;
			path = EdgeCamera/Classes;
			sourceTree = SOURCE_ROOT;
		};
		19C28FACFE9D520D11CA2CBB /* Products */ = {
			isa = PBXGroup;
			children = (
				1D6058910D05DD3D006BFB54 /* EdgeCamera.app */,
			);
			name = Products;
			sourceTree = "<group>";
		};
		29B97314FDCFA39411CA2CEA /* CustomTemplate */ = {
			isa = PBXGroup;
			children = (
				EB87FDF31871DA8E0020F90C /* www */,
				EB87FDF11871DA420020F90C /* Staging */,
				301BF52D109A57CC0062928A /* CordovaLib.xcodeproj */,
				080E96DDFE201D6D7F000001 /* Classes */,
				307C750510C5A3420062BCA9 /* Plugins */,
				29B97315FDCFA39411CA2CEA /* Other Sources */,
				29B97317FDCFA39411CA2CEA /* Resources */,
				29B97323FDCFA39411CA2CEA /* Frameworks */,
				19C28FACFE9D520D11CA2CBB /* Products */,
			);
			name = CustomTemplate;
			sourceTree = "<group>";
		};
		29B97315FDCFA39411CA2CEA /* Other Sources */ = {
			isa = PBXGroup;
			children = (
				32CA4F630368D1EE00C91783 /* EdgeCamera-Prefix.pch */,
				29B97316FDCFA39411CA2CEA /* main.m */,
				ED33DF2A687741AEAF9F8254 /* Bridging-Header.h */,
			);
			name = "Other Sources";
			path = EdgeCamera;
			sourceTree = "<group>";
		};
		29B97317FDCFA39411CA2CEA /* Resources */ = {
			isa = PBXGroup;
			children = (
				0207DA571B56EA530066E2B4 /* Images.xcassets */,
				3047A50E1AB8057F00498E2A /* config */,
				8D1107310486CEB800E47090 /* EdgeCamera-Info.plist */,
				7A4F5933F733447D8D2D4230 /* CDVCapture.bundle */,
				421FED275EA14D8B8793D6EE /* CDVNotification.bundle */,
			);
			name = Resources;
			path = EdgeCamera/Resources;
			sourceTree = "<group>";
		};
		29B97323FDCFA39411CA2CEA /* Frameworks */ = {
			isa = PBXGroup;
			children = (
				76EA1BB21CFDDEB8002C80E5 /* CoreGraphics.framework */,
				76EA1BB01CFDDEAB002C80E5 /* AssetsLibrary.framework */,
				7632FF421CFDC55000C534B4 /* MobileCoreServices.framework */,
				7632FF401CFDC54400C534B4 /* GLKit.framework */,
				7632FF3E1CFDC53600C534B4 /* CoreMedia.framework */,
				7632FF3C1CFDC52900C534B4 /* CoreImage.framework */,
				7632FF3A1CFDC51C00C534B4 /* CoreVideo.framework */,
				7632FF381CFDC4C600C534B4 /* QuartzCore.framework */,
				ECAFF63A4E5D4226A8F5D4B4 /* ImageIO.framework */,
				ED363D6E2DF94B4D88A8906F /* CoreLocation.framework */,
				0DC7618E9F2A4F7AABFDE355 /* AVFoundation.framework */,
				880FB0DB22874076A521BE0E /* AddressBook.framework */,
				1D4620F851FC413587F00347 /* AddressBookUI.framework */,
				BE48784B9506438DB4CCCCE5 /* CoreMotion.framework */,
				FB5447F68B424C5781D56F41 /* AudioToolbox.framework */,
				CD04345ECBED42F89AC1FA60 /* SystemConfiguration.framework */,
				DDE12A274FF34787854B42F7 /* CoreTelephony.framework */,
			);
			name = Frameworks;
			sourceTree = "<group>";
		};
		301BF52E109A57CC0062928A /* Products */ = {
			isa = PBXGroup;
			children = (
				301BF535109A57CC0062928A /* libCordova.a */,
			);
			name = Products;
			sourceTree = "<group>";
		};
		3047A50E1AB8057F00498E2A /* config */ = {
			isa = PBXGroup;
			children = (
				3047A50F1AB8059700498E2A /* build-debug.xcconfig */,
				3047A5101AB8059700498E2A /* build-release.xcconfig */,
				3047A5111AB8059700498E2A /* build.xcconfig */,
			);
			name = config;
			sourceTree = "<group>";
		};
		307C750510C5A3420062BCA9 /* Plugins */ = {
			isa = PBXGroup;
			children = (
			);
			name = Plugins;
			path = EdgeCamera/Plugins;
			sourceTree = SOURCE_ROOT;
		};
		7632FF321CFDBE6B00C534B4 /* IPDFCameraViewController */ = {
			isa = PBXGroup;
			children = (
				7632FF2F1CFDBE6600C534B4 /* IPDFCameraViewController.h */,
				7632FF301CFDBE6600C534B4 /* IPDFCameraViewController.m */,
			);
			name = IPDFCameraViewController;
			sourceTree = "<group>";
		};
		EB87FDF11871DA420020F90C /* Staging */ = {
			isa = PBXGroup;
			children = (
				F840E1F0165FE0F500CFE078 /* config.xml */,
				301BF56E109A69640062928A /* www */,
			);
			name = Staging;
			sourceTree = "<group>";
		};
/* End PBXGroup section */

/* Begin PBXNativeTarget section */
		1D6058900D05DD3D006BFB54 /* EdgeCamera */ = {
			isa = PBXNativeTarget;
			buildConfigurationList = 1D6058960D05DD3E006BFB54 /* Build configuration list for PBXNativeTarget "EdgeCamera" */;
			buildPhases = (
				304B58A110DAC018002A0835 /* Copy www directory */,
				1D60588D0D05DD3D006BFB54 /* Resources */,
				1D60588E0D05DD3D006BFB54 /* Sources */,
				1D60588F0D05DD3D006BFB54 /* Frameworks */,
			);
			buildRules = (
			);
			dependencies = (
				301BF551109A68C00062928A /* PBXTargetDependency */,
			);
			name = EdgeCamera;
			productName = EdgeCamera;
			productReference = 1D6058910D05DD3D006BFB54 /* EdgeCamera.app */;
			productType = "com.apple.product-type.application";
		};
/* End PBXNativeTarget section */

/* Begin PBXProject section */
		29B97313FDCFA39411CA2CEA /* Project object */ = {
			isa = PBXProject;
			attributes = {
				LastUpgradeCheck = 510;
			};
			buildConfigurationList = C01FCF4E08A954540054247B /* Build configuration list for PBXProject "EdgeCamera" */;
			compatibilityVersion = "Xcode 3.2";
			developmentRegion = English;
			hasScannedForEncodings = 1;
			knownRegions = (
				en,
			);
			mainGroup = 29B97314FDCFA39411CA2CEA /* CustomTemplate */;
			projectDirPath = "";
			projectReferences = (
				{
					ProductGroup = 301BF52E109A57CC0062928A /* Products */;
					ProjectRef = 301BF52D109A57CC0062928A /* CordovaLib.xcodeproj */;
				},
			);
			projectRoot = "";
			targets = (
				1D6058900D05DD3D006BFB54 /* EdgeCamera */,
			);
		};
/* End PBXProject section */

/* Begin PBXReferenceProxy section */
		301BF535109A57CC0062928A /* libCordova.a */ = {
			isa = PBXReferenceProxy;
			fileType = archive.ar;
			path = libCordova.a;
			remoteRef = 301BF534109A57CC0062928A /* PBXContainerItemProxy */;
			sourceTree = BUILT_PRODUCTS_DIR;
		};
/* End PBXReferenceProxy section */

/* Begin PBXResourcesBuildPhase section */
		1D60588D0D05DD3D006BFB54 /* Resources */ = {
			isa = PBXResourcesBuildPhase;
			buildActionMask = 2147483647;
			files = (
				3047A5131AB8059700498E2A /* build-release.xcconfig in Resources */,
				3047A5141AB8059700498E2A /* build.xcconfig in Resources */,
				76EA1BA71CFDDC2D002C80E5 /* ViewController.xib in Resources */,
				76EA1BAD1CFDDDFA002C80E5 /* MainViewController.xib in Resources */,
				0207DA581B56EA530066E2B4 /* Images.xcassets in Resources */,
				3047A5121AB8059700498E2A /* build-debug.xcconfig in Resources */,
				4D1FEC549DCC47E8A25FAF32 /* CDVCapture.bundle in Resources */,
				E02D5EE1B52E455DA0DC821E /* CDVNotification.bundle in Resources */,
			);
			runOnlyForDeploymentPostprocessing = 0;
		};
/* End PBXResourcesBuildPhase section */

/* Begin PBXShellScriptBuildPhase section */
		304B58A110DAC018002A0835 /* Copy www directory */ = {
			isa = PBXShellScriptBuildPhase;
			buildActionMask = 2147483647;
			files = (
			);
			inputPaths = (
			);
			name = "Copy www directory";
			outputPaths = (
			);
			runOnlyForDeploymentPostprocessing = 0;
			shellPath = /bin/sh;
			shellScript = "NODEJS_PATH=/usr/local/bin; NVM_NODE_PATH=~/.nvm/versions/node/`nvm version 2>/dev/null`/bin; N_NODE_PATH=`find /usr/local/n/versions/node/* -maxdepth 0 -type d 2>/dev/null | tail -1`/bin; XCODE_NODE_PATH=`xcode-select --print-path`/usr/share/xcs/Node/bin; PATH=$NODEJS_PATH:$NVM_NODE_PATH:$N_NODE_PATH:$XCODE_NODE_PATH:$PATH && node cordova/lib/copy-www-build-step.js";
			showEnvVarsInLog = 0;
		};
/* End PBXShellScriptBuildPhase section */

/* Begin PBXSourcesBuildPhase section */
		1D60588E0D05DD3D006BFB54 /* Sources */ = {
			isa = PBXSourcesBuildPhase;
			buildActionMask = 2147483647;
			files = (
				7632FF351CFDBEDC00C534B4 /* ViewController.m in Sources */,
				7632FF311CFDBE6600C534B4 /* IPDFCameraViewController.m in Sources */,
				76EA1BAE1CFDDDFA002C80E5 /* AppDelegate.m in Sources */,
				1D60589B0D05DD56006BFB54 /* main.m in Sources */,
				76EA1BAF1CFDDDFA002C80E5 /* MainViewController.m in Sources */,
				7632FF2E1CFDBDF000C534B4 /* EdgeCamera.m in Sources */,
			);
			runOnlyForDeploymentPostprocessing = 0;
		};
/* End PBXSourcesBuildPhase section */

/* Begin PBXTargetDependency section */
		301BF551109A68C00062928A /* PBXTargetDependency */ = {
			isa = PBXTargetDependency;
			name = CordovaLib;
			targetProxy = 301BF550109A68C00062928A /* PBXContainerItemProxy */;
		};
/* End PBXTargetDependency section */

/* Begin XCBuildConfiguration section */
		1D6058940D05DD3E006BFB54 /* Debug */ = {
			isa = XCBuildConfiguration;
			baseConfigurationReference = 3047A50F1AB8059700498E2A /* build-debug.xcconfig */;
			buildSettings = {
				ALWAYS_SEARCH_USER_PATHS = NO;
				ASSETCATALOG_COMPILER_APPICON_NAME = AppIcon;
				ASSETCATALOG_COMPILER_LAUNCHIMAGE_NAME = LaunchImage;
				CLANG_ENABLE_MODULES = YES;
				CLANG_ENABLE_OBJC_ARC = YES;
				COPY_PHASE_STRIP = NO;
				GCC_DYNAMIC_NO_PIC = NO;
				GCC_OPTIMIZATION_LEVEL = 0;
				GCC_PRECOMPILE_PREFIX_HEADER = YES;
				GCC_PREFIX_HEADER = "EdgeCamera/EdgeCamera-Prefix.pch";
				GCC_THUMB_SUPPORT = NO;
				GCC_VERSION = "";
				INFOPLIST_FILE = "EdgeCamera/EdgeCamera-Info.plist";
				IPHONEOS_DEPLOYMENT_TARGET = 8.0;
				LD_RUNPATH_SEARCH_PATHS = "@executable_path/Frameworks";
				PRODUCT_NAME = EdgeCamera;
			};
			name = Debug;
		};
		1D6058950D05DD3E006BFB54 /* Release */ = {
			isa = XCBuildConfiguration;
			baseConfigurationReference = 3047A5101AB8059700498E2A /* build-release.xcconfig */;
			buildSettings = {
				ALWAYS_SEARCH_USER_PATHS = NO;
				ASSETCATALOG_COMPILER_APPICON_NAME = AppIcon;
				ASSETCATALOG_COMPILER_LAUNCHIMAGE_NAME = LaunchImage;
				CLANG_ENABLE_MODULES = YES;
				CLANG_ENABLE_OBJC_ARC = YES;
				COPY_PHASE_STRIP = YES;
				GCC_PRECOMPILE_PREFIX_HEADER = YES;
				GCC_PREFIX_HEADER = "EdgeCamera/EdgeCamera-Prefix.pch";
				GCC_THUMB_SUPPORT = NO;
				GCC_VERSION = "";
				INFOPLIST_FILE = "EdgeCamera/EdgeCamera-Info.plist";
				IPHONEOS_DEPLOYMENT_TARGET = 8.0;
				PRODUCT_NAME = EdgeCamera;
			};
			name = Release;
		};
		C01FCF4F08A954540054247B /* Debug */ = {
			isa = XCBuildConfiguration;
			baseConfigurationReference = 3047A5111AB8059700498E2A /* build.xcconfig */;
			buildSettings = {
				CLANG_ENABLE_MODULES = YES;
				CLANG_ENABLE_OBJC_ARC = YES;
				CLANG_WARN_BOOL_CONVERSION = YES;
				CLANG_WARN_CONSTANT_CONVERSION = YES;
				CLANG_WARN_EMPTY_BODY = YES;
				CLANG_WARN_ENUM_CONVERSION = YES;
				CLANG_WARN_INT_CONVERSION = YES;
				CLANG_WARN__DUPLICATE_METHOD_MATCH = YES;
				GCC_C_LANGUAGE_STANDARD = c99;
				GCC_THUMB_SUPPORT = NO;
				GCC_VERSION = "";
				GCC_WARN_ABOUT_RETURN_TYPE = YES;
				GCC_WARN_UNDECLARED_SELECTOR = YES;
				GCC_WARN_UNINITIALIZED_AUTOS = YES;
				GCC_WARN_UNUSED_FUNCTION = YES;
				GCC_WARN_UNUSED_VARIABLE = YES;
				ONLY_ACTIVE_ARCH = YES;
				SDKROOT = iphoneos;
				SKIP_INSTALL = NO;
			};
			name = Debug;
		};
		C01FCF5008A954540054247B /* Release */ = {
			isa = XCBuildConfiguration;
			baseConfigurationReference = 3047A5111AB8059700498E2A /* build.xcconfig */;
			buildSettings = {
				CLANG_ENABLE_MODULES = YES;
				CLANG_ENABLE_OBJC_ARC = YES;
				CLANG_WARN_BOOL_CONVERSION = YES;
				CLANG_WARN_CONSTANT_CONVERSION = YES;
				CLANG_WARN_EMPTY_BODY = YES;
				CLANG_WARN_ENUM_CONVERSION = YES;
				CLANG_WARN_INT_CONVERSION = YES;
				CLANG_WARN__DUPLICATE_METHOD_MATCH = YES;
				GCC_C_LANGUAGE_STANDARD = c99;
				GCC_THUMB_SUPPORT = NO;
				GCC_VERSION = "";
				GCC_WARN_ABOUT_RETURN_TYPE = YES;
				GCC_WARN_UNDECLARED_SELECTOR = YES;
				GCC_WARN_UNINITIALIZED_AUTOS = YES;
				GCC_WARN_UNUSED_FUNCTION = YES;
				GCC_WARN_UNUSED_VARIABLE = YES;
				SDKROOT = iphoneos;
				SKIP_INSTALL = NO;
			};
			name = Release;
		};
/* End XCBuildConfiguration section */

/* Begin XCConfigurationList section */
		1D6058960D05DD3E006BFB54 /* Build configuration list for PBXNativeTarget "EdgeCamera" */ = {
			isa = XCConfigurationList;
			buildConfigurations = (
				1D6058940D05DD3E006BFB54 /* Debug */,
				1D6058950D05DD3E006BFB54 /* Release */,
			);
			defaultConfigurationIsVisible = 0;
			defaultConfigurationName = Release;
		};
		C01FCF4E08A954540054247B /* Build configuration list for PBXProject "EdgeCamera" */ = {
			isa = XCConfigurationList;
			buildConfigurations = (
				C01FCF4F08A954540054247B /* Debug */,
				C01FCF5008A954540054247B /* Release */,
			);
			defaultConfigurationIsVisible = 0;
			defaultConfigurationName = Release;
		};
/* End XCConfigurationList section */
	};
	rootObject = 29B97313FDCFA39411CA2CEA /* Project object */;
}
